// !$*UTF8*$!
{
	archiveVersion = 1;
	classes = {
	};
	objectVersion = 46;
	objects = {

/* Begin PBXBuildFile section */
		041812CB23C5A17400311887 /* example.mp4 in Resources */ = {isa = PBXBuildFile; fileRef = 041812CA23C5A17400311887 /* example.mp4 */; };
		041812CF23C5A4BF00311887 /* FPPreviewMoreCommentsCell.m in Sources */ = {isa = PBXBuildFile; fileRef = 041812CD23C5A4BF00311887 /* FPPreviewMoreCommentsCell.m */; };
		041812D023C5A4BF00311887 /* FPPreviewMoreCommentsCell.xib in Resources */ = {isa = PBXBuildFile; fileRef = 041812CE23C5A4BF00311887 /* FPPreviewMoreCommentsCell.xib */; };
		0495BE6623C708D500EECE76 /* FPTestVC.m in Sources */ = {isa = PBXBuildFile; fileRef = 0495BE6423C708D500EECE76 /* FPTestVC.m */; };
		0495BE6723C708D500EECE76 /* FPTestVC.xib in Resources */ = {isa = PBXBuildFile; fileRef = 0495BE6523C708D500EECE76 /* FPTestVC.xib */; };
		0495BE6B23C70CDC00EECE76 /* FPNumberItemModel.m in Sources */ = {isa = PBXBuildFile; fileRef = 0495BE6A23C70CDC00EECE76 /* FPNumberItemModel.m */; };
		04BBF09523C062E5001DCAB7 /* ImageLabelWHCell.xib in Resources */ = {isa = PBXBuildFile; fileRef = 04BBF04823C062E5001DCAB7 /* ImageLabelWHCell.xib */; };
		04BBF09623C062E5001DCAB7 /* ImageLabelCollectionCell.m in Sources */ = {isa = PBXBuildFile; fileRef = 04BBF04A23C062E5001DCAB7 /* ImageLabelCollectionCell.m */; };
		04BBF09723C062E5001DCAB7 /* CollectionLabelCell.m in Sources */ = {isa = PBXBuildFile; fileRef = 04BBF04B23C062E5001DCAB7 /* CollectionLabelCell.m */; };
		04BBF09823C062E5001DCAB7 /* CollectionImageCell.m in Sources */ = {isa = PBXBuildFile; fileRef = 04BBF04D23C062E5001DCAB7 /* CollectionImageCell.m */; };
		04BBF09923C062E5001DCAB7 /* CollectionImageCell.xib in Resources */ = {isa = PBXBuildFile; fileRef = 04BBF04E23C062E5001DCAB7 /* CollectionImageCell.xib */; };
		04BBF09A23C062E5001DCAB7 /* CollectionEmptyCell.m in Sources */ = {isa = PBXBuildFile; fileRef = 04BBF04F23C062E5001DCAB7 /* CollectionEmptyCell.m */; };
		04BBF09B23C062E5001DCAB7 /* ImageTextCollectionCell.m in Sources */ = {isa = PBXBuildFile; fileRef = 04BBF05223C062E5001DCAB7 /* ImageTextCollectionCell.m */; };
		04BBF09C23C062E5001DCAB7 /* CollectionLabelCell.xib in Resources */ = {isa = PBXBuildFile; fileRef = 04BBF05323C062E5001DCAB7 /* CollectionLabelCell.xib */; };
		04BBF09D23C062E5001DCAB7 /* LeftBtnCollectionCell.xib in Resources */ = {isa = PBXBuildFile; fileRef = 04BBF05423C062E5001DCAB7 /* LeftBtnCollectionCell.xib */; };
		04BBF09E23C062E5001DCAB7 /* CollectionEmptyCell.xib in Resources */ = {isa = PBXBuildFile; fileRef = 04BBF05523C062E5001DCAB7 /* CollectionEmptyCell.xib */; };
		04BBF09F23C062E5001DCAB7 /* ImageTextCollectionCell.xib in Resources */ = {isa = PBXBuildFile; fileRef = 04BBF05723C062E5001DCAB7 /* ImageTextCollectionCell.xib */; };
		04BBF0A023C062E5001DCAB7 /* ImageLabelWHCell.m in Sources */ = {isa = PBXBuildFile; fileRef = 04BBF05923C062E5001DCAB7 /* ImageLabelWHCell.m */; };
		04BBF0A123C062E5001DCAB7 /* ImageLabelCollectionCell.xib in Resources */ = {isa = PBXBuildFile; fileRef = 04BBF05A23C062E5001DCAB7 /* ImageLabelCollectionCell.xib */; };
		04BBF0A223C062E5001DCAB7 /* LeftBtnCollectionCell.m in Sources */ = {isa = PBXBuildFile; fileRef = 04BBF05B23C062E5001DCAB7 /* LeftBtnCollectionCell.m */; };
		04BBF0A323C062E5001DCAB7 /* FPCommentVC.m in Sources */ = {isa = PBXBuildFile; fileRef = 04BBF05E23C062E5001DCAB7 /* FPCommentVC.m */; };
		04BBF0A423C062E5001DCAB7 /* IGListBaseModel.m in Sources */ = {isa = PBXBuildFile; fileRef = 04BBF06123C062E5001DCAB7 /* IGListBaseModel.m */; };
		04BBF0A523C062E5001DCAB7 /* FPCommentToolView.xib in Resources */ = {isa = PBXBuildFile; fileRef = 04BBF06523C062E5001DCAB7 /* FPCommentToolView.xib */; };
		04BBF0A623C062E5001DCAB7 /* FPCommentToolView.m in Sources */ = {isa = PBXBuildFile; fileRef = 04BBF06623C062E5001DCAB7 /* FPCommentToolView.m */; };
		04BBF0A723C062E5001DCAB7 /* FPCommentAccessoryView.m in Sources */ = {isa = PBXBuildFile; fileRef = 04BBF06723C062E5001DCAB7 /* FPCommentAccessoryView.m */; };
		04BBF0A823C062E5001DCAB7 /* FPLinkModel.m in Sources */ = {isa = PBXBuildFile; fileRef = 04BBF06C23C062E5001DCAB7 /* FPLinkModel.m */; };
		04BBF0A923C062E5001DCAB7 /* FPCommentModel.m in Sources */ = {isa = PBXBuildFile; fileRef = 04BBF06D23C062E5001DCAB7 /* FPCommentModel.m */; };
		04BBF0AA23C062E5001DCAB7 /* FPBottomCommentView.xib in Resources */ = {isa = PBXBuildFile; fileRef = 04BBF06F23C062E5001DCAB7 /* FPBottomCommentView.xib */; };
		04BBF0AB23C062E5001DCAB7 /* FPCommentUserInfoCell.xib in Resources */ = {isa = PBXBuildFile; fileRef = 04BBF07123C062E5001DCAB7 /* FPCommentUserInfoCell.xib */; };
		04BBF0AC23C062E5001DCAB7 /* FPCommentContentCell.m in Sources */ = {isa = PBXBuildFile; fileRef = 04BBF07223C062E5001DCAB7 /* FPCommentContentCell.m */; };
		04BBF0AD23C062E5001DCAB7 /* FPBottomCommentView.m in Sources */ = {isa = PBXBuildFile; fileRef = 04BBF07323C062E5001DCAB7 /* FPBottomCommentView.m */; };
		04BBF0AE23C062E5001DCAB7 /* FPReplyContainerCell.xib in Resources */ = {isa = PBXBuildFile; fileRef = 04BBF07423C062E5001DCAB7 /* FPReplyContainerCell.xib */; };
		04BBF0AF23C062E5001DCAB7 /* FPCommentReplyCell.m in Sources */ = {isa = PBXBuildFile; fileRef = 04BBF07623C062E5001DCAB7 /* FPCommentReplyCell.m */; };
		04BBF0B023C062E5001DCAB7 /* FPReplyContainerCell.m in Sources */ = {isa = PBXBuildFile; fileRef = 04BBF07723C062E5001DCAB7 /* FPReplyContainerCell.m */; };
		04BBF0B123C062E5001DCAB7 /* FPCommentCell.m in Sources */ = {isa = PBXBuildFile; fileRef = 04BBF07823C062E5001DCAB7 /* FPCommentCell.m */; };
		04BBF0B223C062E5001DCAB7 /* FPCommentCell.xib in Resources */ = {isa = PBXBuildFile; fileRef = 04BBF07923C062E5001DCAB7 /* FPCommentCell.xib */; };
		04BBF0B323C062E5001DCAB7 /* CommentsTableCell.xib in Resources */ = {isa = PBXBuildFile; fileRef = 04BBF07E23C062E5001DCAB7 /* CommentsTableCell.xib */; };
		04BBF0B423C062E5001DCAB7 /* CommentsTableCell.m in Sources */ = {isa = PBXBuildFile; fileRef = 04BBF07F23C062E5001DCAB7 /* CommentsTableCell.m */; };
		04BBF0B523C062E5001DCAB7 /* FPCommentReplyCell.xib in Resources */ = {isa = PBXBuildFile; fileRef = 04BBF08023C062E5001DCAB7 /* FPCommentReplyCell.xib */; };
		04BBF0B623C062E5001DCAB7 /* FPCommentContentCell.xib in Resources */ = {isa = PBXBuildFile; fileRef = 04BBF08123C062E5001DCAB7 /* FPCommentContentCell.xib */; };
		04BBF0B723C062E5001DCAB7 /* FPCommentUserInfoCell.m in Sources */ = {isa = PBXBuildFile; fileRef = 04BBF08423C062E5001DCAB7 /* FPCommentUserInfoCell.m */; };
		04BBF0B823C062E5001DCAB7 /* FPCommentImgSectionController.m in Sources */ = {isa = PBXBuildFile; fileRef = 04BBF08623C062E5001DCAB7 /* FPCommentImgSectionController.m */; };
		04BBF0B923C062E5001DCAB7 /* FPCommentReplySectionController.m in Sources */ = {isa = PBXBuildFile; fileRef = 04BBF08823C062E5001DCAB7 /* FPCommentReplySectionController.m */; };
		04BBF0BA23C062E5001DCAB7 /* FPCommentContentSectionController.m in Sources */ = {isa = PBXBuildFile; fileRef = 04BBF08A23C062E5001DCAB7 /* FPCommentContentSectionController.m */; };
		04BBF0BB23C062E5001DCAB7 /* FPCommentSectionController.m in Sources */ = {isa = PBXBuildFile; fileRef = 04BBF08C23C062E5001DCAB7 /* FPCommentSectionController.m */; };
		04BBF0BC23C062E5001DCAB7 /* FPCommentReplayContainerController.m in Sources */ = {isa = PBXBuildFile; fileRef = 04BBF08E23C062E5001DCAB7 /* FPCommentReplayContainerController.m */; };
		04BBF0BD23C062E5001DCAB7 /* FPCommentExpandSectionController.m in Sources */ = {isa = PBXBuildFile; fileRef = 04BBF08F23C062E5001DCAB7 /* FPCommentExpandSectionController.m */; };
		04BBF0BE23C062E5001DCAB7 /* FPCommentUserInfSectionController.m in Sources */ = {isa = PBXBuildFile; fileRef = 04BBF09123C062E5001DCAB7 /* FPCommentUserInfSectionController.m */; };
		04BBF0C123C06307001DCAB7 /* SeparatorView.m in Sources */ = {isa = PBXBuildFile; fileRef = 04BBF0C023C06307001DCAB7 /* SeparatorView.m */; };
		04BBF0CA23C0639A001DCAB7 /* README.md in Resources */ = {isa = PBXBuildFile; fileRef = 04BBF0C323C0639A001DCAB7 /* README.md */; };
		04BBF0CB23C0639A001DCAB7 /* HPGrowingTextView.m in Sources */ = {isa = PBXBuildFile; fileRef = 04BBF0C623C0639A001DCAB7 /* HPGrowingTextView.m */; };
		04BBF0CC23C0639A001DCAB7 /* HPTextViewInternal.m in Sources */ = {isa = PBXBuildFile; fileRef = 04BBF0C723C0639A001DCAB7 /* HPTextViewInternal.m */; };
		04BBF0CD23C0639A001DCAB7 /* LICENSE.txt in Resources */ = {isa = PBXBuildFile; fileRef = 04BBF0C923C0639A001DCAB7 /* LICENSE.txt */; };
		04BBF0D023C06488001DCAB7 /* FPCommentHelper.m in Sources */ = {isa = PBXBuildFile; fileRef = 04BBF0CF23C06488001DCAB7 /* FPCommentHelper.m */; };
		5E1303E22CC09F1455E3E818 /* Pods_FPCommentsModule_Tests.framework in Frameworks */ = {isa = PBXBuildFile; fileRef = 025BE8C8A1F16719293710F4 /* Pods_FPCommentsModule_Tests.framework */; };
		6003F58E195388D20070C39A /* Foundation.framework in Frameworks */ = {isa = PBXBuildFile; fileRef = 6003F58D195388D20070C39A /* Foundation.framework */; };
		6003F590195388D20070C39A /* CoreGraphics.framework in Frameworks */ = {isa = PBXBuildFile; fileRef = 6003F58F195388D20070C39A /* CoreGraphics.framework */; };
		6003F592195388D20070C39A /* UIKit.framework in Frameworks */ = {isa = PBXBuildFile; fileRef = 6003F591195388D20070C39A /* UIKit.framework */; };
		6003F598195388D20070C39A /* InfoPlist.strings in Resources */ = {isa = PBXBuildFile; fileRef = 6003F596195388D20070C39A /* InfoPlist.strings */; };
		6003F59A195388D20070C39A /* main.m in Sources */ = {isa = PBXBuildFile; fileRef = 6003F599195388D20070C39A /* main.m */; };
		6003F59E195388D20070C39A /* FPAppDelegate.m in Sources */ = {isa = PBXBuildFile; fileRef = 6003F59D195388D20070C39A /* FPAppDelegate.m */; };
		6003F5A7195388D20070C39A /* FPViewController.m in Sources */ = {isa = PBXBuildFile; fileRef = 6003F5A6195388D20070C39A /* FPViewController.m */; };
		6003F5A9195388D20070C39A /* Images.xcassets in Resources */ = {isa = PBXBuildFile; fileRef = 6003F5A8195388D20070C39A /* Images.xcassets */; };
		6003F5B0195388D20070C39A /* XCTest.framework in Frameworks */ = {isa = PBXBuildFile; fileRef = 6003F5AF195388D20070C39A /* XCTest.framework */; };
		6003F5B1195388D20070C39A /* Foundation.framework in Frameworks */ = {isa = PBXBuildFile; fileRef = 6003F58D195388D20070C39A /* Foundation.framework */; };
		6003F5B2195388D20070C39A /* UIKit.framework in Frameworks */ = {isa = PBXBuildFile; fileRef = 6003F591195388D20070C39A /* UIKit.framework */; };
		6003F5BA195388D20070C39A /* InfoPlist.strings in Resources */ = {isa = PBXBuildFile; fileRef = 6003F5B8195388D20070C39A /* InfoPlist.strings */; };
		6003F5BC195388D20070C39A /* Tests.m in Sources */ = {isa = PBXBuildFile; fileRef = 6003F5BB195388D20070C39A /* Tests.m */; };
		71719F9F1E33DC2100824A3D /* LaunchScreen.storyboard in Resources */ = {isa = PBXBuildFile; fileRef = 71719F9D1E33DC2100824A3D /* LaunchScreen.storyboard */; };
		873B8AEB1B1F5CCA007FD442 /* Main.storyboard in Resources */ = {isa = PBXBuildFile; fileRef = 873B8AEA1B1F5CCA007FD442 /* Main.storyboard */; };
		99D387ACC3187B82B1D3F04F /* Pods_FPCommentsModule_Example.framework in Frameworks */ = {isa = PBXBuildFile; fileRef = E951E8DBD960135B0D23F329 /* Pods_FPCommentsModule_Example.framework */; };
/* End PBXBuildFile section */

/* Begin PBXContainerItemProxy section */
		6003F5B3195388D20070C39A /* PBXContainerItemProxy */ = {
			isa = PBXContainerItemProxy;
			containerPortal = 6003F582195388D10070C39A /* Project object */;
			proxyType = 1;
			remoteGlobalIDString = 6003F589195388D20070C39A;
			remoteInfo = FPCommentsModule;
		};
/* End PBXContainerItemProxy section */

/* Begin PBXFileReference section */
		025BE8C8A1F16719293710F4 /* Pods_FPCommentsModule_Tests.framework */ = {isa = PBXFileReference; explicitFileType = wrapper.framework; includeInIndex = 0; path = Pods_FPCommentsModule_Tests.framework; sourceTree = BUILT_PRODUCTS_DIR; };
		041812CA23C5A17400311887 /* example.mp4 */ = {isa = PBXFileReference; lastKnownFileType = file; path = example.mp4; sourceTree = "<group>"; };
		041812CC23C5A4BF00311887 /* FPPreviewMoreCommentsCell.h */ = {isa = PBXFileReference; lastKnownFileType = sourcecode.c.h; path = FPPreviewMoreCommentsCell.h; sourceTree = "<group>"; };
		041812CD23C5A4BF00311887 /* FPPreviewMoreCommentsCell.m */ = {isa = PBXFileReference; lastKnownFileType = sourcecode.c.objc; path = FPPreviewMoreCommentsCell.m; sourceTree = "<group>"; };
		041812CE23C5A4BF00311887 /* FPPreviewMoreCommentsCell.xib */ = {isa = PBXFileReference; lastKnownFileType = file.xib; path = FPPreviewMoreCommentsCell.xib; sourceTree = "<group>"; };
		0495BE6323C708D500EECE76 /* FPTestVC.h */ = {isa = PBXFileReference; lastKnownFileType = sourcecode.c.h; path = FPTestVC.h; sourceTree = "<group>"; };
		0495BE6423C708D500EECE76 /* FPTestVC.m */ = {isa = PBXFileReference; lastKnownFileType = sourcecode.c.objc; path = FPTestVC.m; sourceTree = "<group>"; };
		0495BE6523C708D500EECE76 /* FPTestVC.xib */ = {isa = PBXFileReference; lastKnownFileType = file.xib; path = FPTestVC.xib; sourceTree = "<group>"; };
		0495BE6923C70CDC00EECE76 /* FPNumberItemModel.h */ = {isa = PBXFileReference; lastKnownFileType = sourcecode.c.h; path = FPNumberItemModel.h; sourceTree = "<group>"; };
		0495BE6A23C70CDC00EECE76 /* FPNumberItemModel.m */ = {isa = PBXFileReference; lastKnownFileType = sourcecode.c.objc; path = FPNumberItemModel.m; sourceTree = "<group>"; };
		04BBF04523C062E5001DCAB7 /* FPCommentProtocal.h */ = {isa = PBXFileReference; fileEncoding = 4; lastKnownFileType = sourcecode.c.h; path = FPCommentProtocal.h; sourceTree = "<group>"; };
		04BBF04823C062E5001DCAB7 /* ImageLabelWHCell.xib */ = {isa = PBXFileReference; fileEncoding = 4; lastKnownFileType = file.xib; path = ImageLabelWHCell.xib; sourceTree = "<group>"; };
		04BBF04923C062E5001DCAB7 /* ImageTextCollectionCell.h */ = {isa = PBXFileReference; fileEncoding = 4; lastKnownFileType = sourcecode.c.h; path = ImageTextCollectionCell.h; sourceTree = "<group>"; };
		04BBF04A23C062E5001DCAB7 /* ImageLabelCollectionCell.m */ = {isa = PBXFileReference; fileEncoding = 4; lastKnownFileType = sourcecode.c.objc; path = ImageLabelCollectionCell.m; sourceTree = "<group>"; };
		04BBF04B23C062E5001DCAB7 /* CollectionLabelCell.m */ = {isa = PBXFileReference; fileEncoding = 4; lastKnownFileType = sourcecode.c.objc; path = CollectionLabelCell.m; sourceTree = "<group>"; };
		04BBF04C23C062E5001DCAB7 /* ImageLabelWHCell.h */ = {isa = PBXFileReference; fileEncoding = 4; lastKnownFileType = sourcecode.c.h; path = ImageLabelWHCell.h; sourceTree = "<group>"; };
		04BBF04D23C062E5001DCAB7 /* CollectionImageCell.m */ = {isa = PBXFileReference; fileEncoding = 4; lastKnownFileType = sourcecode.c.objc; path = CollectionImageCell.m; sourceTree = "<group>"; };
		04BBF04E23C062E5001DCAB7 /* CollectionImageCell.xib */ = {isa = PBXFileReference; fileEncoding = 4; lastKnownFileType = file.xib; path = CollectionImageCell.xib; sourceTree = "<group>"; };
		04BBF04F23C062E5001DCAB7 /* CollectionEmptyCell.m */ = {isa = PBXFileReference; fileEncoding = 4; lastKnownFileType = sourcecode.c.objc; path = CollectionEmptyCell.m; sourceTree = "<group>"; };
		04BBF05023C062E5001DCAB7 /* LeftBtnCollectionCell.h */ = {isa = PBXFileReference; fileEncoding = 4; lastKnownFileType = sourcecode.c.h; path = LeftBtnCollectionCell.h; sourceTree = "<group>"; };
		04BBF05123C062E5001DCAB7 /* ImageLabelCollectionCell.h */ = {isa = PBXFileReference; fileEncoding = 4; lastKnownFileType = sourcecode.c.h; path = ImageLabelCollectionCell.h; sourceTree = "<group>"; };
		04BBF05223C062E5001DCAB7 /* ImageTextCollectionCell.m */ = {isa = PBXFileReference; fileEncoding = 4; lastKnownFileType = sourcecode.c.objc; path = ImageTextCollectionCell.m; sourceTree = "<group>"; };
		04BBF05323C062E5001DCAB7 /* CollectionLabelCell.xib */ = {isa = PBXFileReference; fileEncoding = 4; lastKnownFileType = file.xib; path = CollectionLabelCell.xib; sourceTree = "<group>"; };
		04BBF05423C062E5001DCAB7 /* LeftBtnCollectionCell.xib */ = {isa = PBXFileReference; fileEncoding = 4; lastKnownFileType = file.xib; path = LeftBtnCollectionCell.xib; sourceTree = "<group>"; };
		04BBF05523C062E5001DCAB7 /* CollectionEmptyCell.xib */ = {isa = PBXFileReference; fileEncoding = 4; lastKnownFileType = file.xib; path = CollectionEmptyCell.xib; sourceTree = "<group>"; };
		04BBF05623C062E5001DCAB7 /* CollectionLabelCell.h */ = {isa = PBXFileReference; fileEncoding = 4; lastKnownFileType = sourcecode.c.h; path = CollectionLabelCell.h; sourceTree = "<group>"; };
		04BBF05723C062E5001DCAB7 /* ImageTextCollectionCell.xib */ = {isa = PBXFileReference; fileEncoding = 4; lastKnownFileType = file.xib; path = ImageTextCollectionCell.xib; sourceTree = "<group>"; };
		04BBF05823C062E5001DCAB7 /* CollectionImageCell.h */ = {isa = PBXFileReference; fileEncoding = 4; lastKnownFileType = sourcecode.c.h; path = CollectionImageCell.h; sourceTree = "<group>"; };
		04BBF05923C062E5001DCAB7 /* ImageLabelWHCell.m */ = {isa = PBXFileReference; fileEncoding = 4; lastKnownFileType = sourcecode.c.objc; path = ImageLabelWHCell.m; sourceTree = "<group>"; };
		04BBF05A23C062E5001DCAB7 /* ImageLabelCollectionCell.xib */ = {isa = PBXFileReference; fileEncoding = 4; lastKnownFileType = file.xib; path = ImageLabelCollectionCell.xib; sourceTree = "<group>"; };
		04BBF05B23C062E5001DCAB7 /* LeftBtnCollectionCell.m */ = {isa = PBXFileReference; fileEncoding = 4; lastKnownFileType = sourcecode.c.objc; path = LeftBtnCollectionCell.m; sourceTree = "<group>"; };
		04BBF05C23C062E5001DCAB7 /* CollectionEmptyCell.h */ = {isa = PBXFileReference; fileEncoding = 4; lastKnownFileType = sourcecode.c.h; path = CollectionEmptyCell.h; sourceTree = "<group>"; };
		04BBF05E23C062E5001DCAB7 /* FPCommentVC.m */ = {isa = PBXFileReference; fileEncoding = 4; lastKnownFileType = sourcecode.c.objc; path = FPCommentVC.m; sourceTree = "<group>"; };
		04BBF05F23C062E5001DCAB7 /* FPCommentVC.h */ = {isa = PBXFileReference; fileEncoding = 4; lastKnownFileType = sourcecode.c.h; path = FPCommentVC.h; sourceTree = "<group>"; };
		04BBF06123C062E5001DCAB7 /* IGListBaseModel.m */ = {isa = PBXFileReference; fileEncoding = 4; lastKnownFileType = sourcecode.c.objc; path = IGListBaseModel.m; sourceTree = "<group>"; };
		04BBF06223C062E5001DCAB7 /* IGListBaseModel.h */ = {isa = PBXFileReference; fileEncoding = 4; lastKnownFileType = sourcecode.c.h; path = IGListBaseModel.h; sourceTree = "<group>"; };
		04BBF06423C062E5001DCAB7 /* FPCommentAccessoryView.h */ = {isa = PBXFileReference; fileEncoding = 4; lastKnownFileType = sourcecode.c.h; path = FPCommentAccessoryView.h; sourceTree = "<group>"; };
		04BBF06523C062E5001DCAB7 /* FPCommentToolView.xib */ = {isa = PBXFileReference; fileEncoding = 4; lastKnownFileType = file.xib; path = FPCommentToolView.xib; sourceTree = "<group>"; };
		04BBF06623C062E5001DCAB7 /* FPCommentToolView.m */ = {isa = PBXFileReference; fileEncoding = 4; lastKnownFileType = sourcecode.c.objc; path = FPCommentToolView.m; sourceTree = "<group>"; };
		04BBF06723C062E5001DCAB7 /* FPCommentAccessoryView.m */ = {isa = PBXFileReference; fileEncoding = 4; lastKnownFileType = sourcecode.c.objc; path = FPCommentAccessoryView.m; sourceTree = "<group>"; };
		04BBF06823C062E5001DCAB7 /* FPCommentToolView.h */ = {isa = PBXFileReference; fileEncoding = 4; lastKnownFileType = sourcecode.c.h; path = FPCommentToolView.h; sourceTree = "<group>"; };
		04BBF06A23C062E5001DCAB7 /* FPCommentModel.h */ = {isa = PBXFileReference; fileEncoding = 4; lastKnownFileType = sourcecode.c.h; path = FPCommentModel.h; sourceTree = "<group>"; };
		04BBF06B23C062E5001DCAB7 /* FPLinkModel.h */ = {isa = PBXFileReference; fileEncoding = 4; lastKnownFileType = sourcecode.c.h; path = FPLinkModel.h; sourceTree = "<group>"; };
		04BBF06C23C062E5001DCAB7 /* FPLinkModel.m */ = {isa = PBXFileReference; fileEncoding = 4; lastKnownFileType = sourcecode.c.objc; path = FPLinkModel.m; sourceTree = "<group>"; };
		04BBF06D23C062E5001DCAB7 /* FPCommentModel.m */ = {isa = PBXFileReference; fileEncoding = 4; lastKnownFileType = sourcecode.c.objc; path = FPCommentModel.m; sourceTree = "<group>"; };
		04BBF06F23C062E5001DCAB7 /* FPBottomCommentView.xib */ = {isa = PBXFileReference; fileEncoding = 4; lastKnownFileType = file.xib; path = FPBottomCommentView.xib; sourceTree = "<group>"; };
		04BBF07023C062E5001DCAB7 /* FPCommentCell.h */ = {isa = PBXFileReference; fileEncoding = 4; lastKnownFileType = sourcecode.c.h; path = FPCommentCell.h; sourceTree = "<group>"; };
		04BBF07123C062E5001DCAB7 /* FPCommentUserInfoCell.xib */ = {isa = PBXFileReference; fileEncoding = 4; lastKnownFileType = file.xib; path = FPCommentUserInfoCell.xib; sourceTree = "<group>"; };
		04BBF07223C062E5001DCAB7 /* FPCommentContentCell.m */ = {isa = PBXFileReference; fileEncoding = 4; lastKnownFileType = sourcecode.c.objc; path = FPCommentContentCell.m; sourceTree = "<group>"; };
		04BBF07323C062E5001DCAB7 /* FPBottomCommentView.m */ = {isa = PBXFileReference; fileEncoding = 4; lastKnownFileType = sourcecode.c.objc; path = FPBottomCommentView.m; sourceTree = "<group>"; };
		04BBF07423C062E5001DCAB7 /* FPReplyContainerCell.xib */ = {isa = PBXFileReference; fileEncoding = 4; lastKnownFileType = file.xib; path = FPReplyContainerCell.xib; sourceTree = "<group>"; };
		04BBF07523C062E5001DCAB7 /* FPCommentUserInfoCell.h */ = {isa = PBXFileReference; fileEncoding = 4; lastKnownFileType = sourcecode.c.h; path = FPCommentUserInfoCell.h; sourceTree = "<group>"; };
		04BBF07623C062E5001DCAB7 /* FPCommentReplyCell.m */ = {isa = PBXFileReference; fileEncoding = 4; lastKnownFileType = sourcecode.c.objc; path = FPCommentReplyCell.m; sourceTree = "<group>"; };
		04BBF07723C062E5001DCAB7 /* FPReplyContainerCell.m */ = {isa = PBXFileReference; fileEncoding = 4; lastKnownFileType = sourcecode.c.objc; path = FPReplyContainerCell.m; sourceTree = "<group>"; };
		04BBF07823C062E5001DCAB7 /* FPCommentCell.m */ = {isa = PBXFileReference; fileEncoding = 4; lastKnownFileType = sourcecode.c.objc; path = FPCommentCell.m; sourceTree = "<group>"; };
		04BBF07923C062E5001DCAB7 /* FPCommentCell.xib */ = {isa = PBXFileReference; fileEncoding = 4; lastKnownFileType = file.xib; path = FPCommentCell.xib; sourceTree = "<group>"; };
		04BBF07A23C062E5001DCAB7 /* FPCommentContentCell.h */ = {isa = PBXFileReference; fileEncoding = 4; lastKnownFileType = sourcecode.c.h; path = FPCommentContentCell.h; sourceTree = "<group>"; };
		04BBF07B23C062E5001DCAB7 /* FPBottomCommentView.h */ = {isa = PBXFileReference; fileEncoding = 4; lastKnownFileType = sourcecode.c.h; path = FPBottomCommentView.h; sourceTree = "<group>"; };
		04BBF07D23C062E5001DCAB7 /* CommentsTableCell.h */ = {isa = PBXFileReference; fileEncoding = 4; lastKnownFileType = sourcecode.c.h; path = CommentsTableCell.h; sourceTree = "<group>"; };
		04BBF07E23C062E5001DCAB7 /* CommentsTableCell.xib */ = {isa = PBXFileReference; fileEncoding = 4; lastKnownFileType = file.xib; path = CommentsTableCell.xib; sourceTree = "<group>"; };
		04BBF07F23C062E5001DCAB7 /* CommentsTableCell.m */ = {isa = PBXFileReference; fileEncoding = 4; lastKnownFileType = sourcecode.c.objc; path = CommentsTableCell.m; sourceTree = "<group>"; };
		04BBF08023C062E5001DCAB7 /* FPCommentReplyCell.xib */ = {isa = PBXFileReference; fileEncoding = 4; lastKnownFileType = file.xib; path = FPCommentReplyCell.xib; sourceTree = "<group>"; };
		04BBF08123C062E5001DCAB7 /* FPCommentContentCell.xib */ = {isa = PBXFileReference; fileEncoding = 4; lastKnownFileType = file.xib; path = FPCommentContentCell.xib; sourceTree = "<group>"; };
		04BBF08223C062E5001DCAB7 /* FPReplyContainerCell.h */ = {isa = PBXFileReference; fileEncoding = 4; lastKnownFileType = sourcecode.c.h; path = FPReplyContainerCell.h; sourceTree = "<group>"; };
		04BBF08323C062E5001DCAB7 /* FPCommentReplyCell.h */ = {isa = PBXFileReference; fileEncoding = 4; lastKnownFileType = sourcecode.c.h; path = FPCommentReplyCell.h; sourceTree = "<group>"; };
		04BBF08423C062E5001DCAB7 /* FPCommentUserInfoCell.m */ = {isa = PBXFileReference; fileEncoding = 4; lastKnownFileType = sourcecode.c.objc; path = FPCommentUserInfoCell.m; sourceTree = "<group>"; };
		04BBF08623C062E5001DCAB7 /* FPCommentImgSectionController.m */ = {isa = PBXFileReference; fileEncoding = 4; lastKnownFileType = sourcecode.c.objc; path = FPCommentImgSectionController.m; sourceTree = "<group>"; };
		04BBF08723C062E5001DCAB7 /* FPCommentReplayContainerController.h */ = {isa = PBXFileReference; fileEncoding = 4; lastKnownFileType = sourcecode.c.h; path = FPCommentReplayContainerController.h; sourceTree = "<group>"; };
		04BBF08823C062E5001DCAB7 /* FPCommentReplySectionController.m */ = {isa = PBXFileReference; fileEncoding = 4; lastKnownFileType = sourcecode.c.objc; path = FPCommentReplySectionController.m; sourceTree = "<group>"; };
		04BBF08923C062E5001DCAB7 /* FPCommentUserInfSectionController.h */ = {isa = PBXFileReference; fileEncoding = 4; lastKnownFileType = sourcecode.c.h; path = FPCommentUserInfSectionController.h; sourceTree = "<group>"; };
		04BBF08A23C062E5001DCAB7 /* FPCommentContentSectionController.m */ = {isa = PBXFileReference; fileEncoding = 4; lastKnownFileType = sourcecode.c.objc; path = FPCommentContentSectionController.m; sourceTree = "<group>"; };
		04BBF08B23C062E5001DCAB7 /* FPCommentExpandSectionController.h */ = {isa = PBXFileReference; fileEncoding = 4; lastKnownFileType = sourcecode.c.h; path = FPCommentExpandSectionController.h; sourceTree = "<group>"; };
		04BBF08C23C062E5001DCAB7 /* FPCommentSectionController.m */ = {isa = PBXFileReference; fileEncoding = 4; lastKnownFileType = sourcecode.c.objc; path = FPCommentSectionController.m; sourceTree = "<group>"; };
		04BBF08D23C062E5001DCAB7 /* FPCommentImgSectionController.h */ = {isa = PBXFileReference; fileEncoding = 4; lastKnownFileType = sourcecode.c.h; path = FPCommentImgSectionController.h; sourceTree = "<group>"; };
		04BBF08E23C062E5001DCAB7 /* FPCommentReplayContainerController.m */ = {isa = PBXFileReference; fileEncoding = 4; lastKnownFileType = sourcecode.c.objc; path = FPCommentReplayContainerController.m; sourceTree = "<group>"; };
		04BBF08F23C062E5001DCAB7 /* FPCommentExpandSectionController.m */ = {isa = PBXFileReference; fileEncoding = 4; lastKnownFileType = sourcecode.c.objc; path = FPCommentExpandSectionController.m; sourceTree = "<group>"; };
		04BBF09023C062E5001DCAB7 /* FPCommentContentSectionController.h */ = {isa = PBXFileReference; fileEncoding = 4; lastKnownFileType = sourcecode.c.h; path = FPCommentContentSectionController.h; sourceTree = "<group>"; };
		04BBF09123C062E5001DCAB7 /* FPCommentUserInfSectionController.m */ = {isa = PBXFileReference; fileEncoding = 4; lastKnownFileType = sourcecode.c.objc; path = FPCommentUserInfSectionController.m; sourceTree = "<group>"; };
		04BBF09223C062E5001DCAB7 /* FPCommentReplySectionController.h */ = {isa = PBXFileReference; fileEncoding = 4; lastKnownFileType = sourcecode.c.h; path = FPCommentReplySectionController.h; sourceTree = "<group>"; };
		04BBF09323C062E5001DCAB7 /* FPCommentSectionController.h */ = {isa = PBXFileReference; fileEncoding = 4; lastKnownFileType = sourcecode.c.h; path = FPCommentSectionController.h; sourceTree = "<group>"; };
		04BBF0BF23C06307001DCAB7 /* SeparatorView.h */ = {isa = PBXFileReference; fileEncoding = 4; lastKnownFileType = sourcecode.c.h; path = SeparatorView.h; sourceTree = "<group>"; };
		04BBF0C023C06307001DCAB7 /* SeparatorView.m */ = {isa = PBXFileReference; fileEncoding = 4; lastKnownFileType = sourcecode.c.objc; path = SeparatorView.m; sourceTree = "<group>"; };
		04BBF0C323C0639A001DCAB7 /* README.md */ = {isa = PBXFileReference; fileEncoding = 4; lastKnownFileType = net.daringfireball.markdown; path = README.md; sourceTree = "<group>"; };
		04BBF0C523C0639A001DCAB7 /* HPTextViewInternal.h */ = {isa = PBXFileReference; fileEncoding = 4; lastKnownFileType = sourcecode.c.h; path = HPTextViewInternal.h; sourceTree = "<group>"; };
		04BBF0C623C0639A001DCAB7 /* HPGrowingTextView.m */ = {isa = PBXFileReference; fileEncoding = 4; lastKnownFileType = sourcecode.c.objc; path = HPGrowingTextView.m; sourceTree = "<group>"; };
		04BBF0C723C0639A001DCAB7 /* HPTextViewInternal.m */ = {isa = PBXFileReference; fileEncoding = 4; lastKnownFileType = sourcecode.c.objc; path = HPTextViewInternal.m; sourceTree = "<group>"; };
		04BBF0C823C0639A001DCAB7 /* HPGrowingTextView.h */ = {isa = PBXFileReference; fileEncoding = 4; lastKnownFileType = sourcecode.c.h; path = HPGrowingTextView.h; sourceTree = "<group>"; };
		04BBF0C923C0639A001DCAB7 /* LICENSE.txt */ = {isa = PBXFileReference; fileEncoding = 4; lastKnownFileType = text; path = LICENSE.txt; sourceTree = "<group>"; };
		04BBF0CE23C06488001DCAB7 /* FPCommentHelper.h */ = {isa = PBXFileReference; fileEncoding = 4; lastKnownFileType = sourcecode.c.h; path = FPCommentHelper.h; sourceTree = "<group>"; };
		04BBF0CF23C06488001DCAB7 /* FPCommentHelper.m */ = {isa = PBXFileReference; fileEncoding = 4; lastKnownFileType = sourcecode.c.objc; path = FPCommentHelper.m; sourceTree = "<group>"; };
		0A785B1AF93FC82DE9D7F6CE /* Pods-FPCommentsModule_Example.debug.xcconfig */ = {isa = PBXFileReference; includeInIndex = 1; lastKnownFileType = text.xcconfig; name = "Pods-FPCommentsModule_Example.debug.xcconfig"; path = "Target Support Files/Pods-FPCommentsModule_Example/Pods-FPCommentsModule_Example.debug.xcconfig"; sourceTree = "<group>"; };
		2787FEE5C00616CCB645CC74 /* Pods-FPCommentsModule_Example.release.xcconfig */ = {isa = PBXFileReference; includeInIndex = 1; lastKnownFileType = text.xcconfig; name = "Pods-FPCommentsModule_Example.release.xcconfig"; path = "Target Support Files/Pods-FPCommentsModule_Example/Pods-FPCommentsModule_Example.release.xcconfig"; sourceTree = "<group>"; };
		49E8A0E4E275ADBFFCD9056D /* FPCommentsModule.podspec */ = {isa = PBXFileReference; includeInIndex = 1; lastKnownFileType = text; name = FPCommentsModule.podspec; path = ../FPCommentsModule.podspec; sourceTree = "<group>"; xcLanguageSpecificationIdentifier = xcode.lang.ruby; };
		6003F58A195388D20070C39A /* FPCommentsModule_Example.app */ = {isa = PBXFileReference; explicitFileType = wrapper.application; includeInIndex = 0; path = FPCommentsModule_Example.app; sourceTree = BUILT_PRODUCTS_DIR; };
		6003F58D195388D20070C39A /* Foundation.framework */ = {isa = PBXFileReference; lastKnownFileType = wrapper.framework; name = Foundation.framework; path = System/Library/Frameworks/Foundation.framework; sourceTree = SDKROOT; };
		6003F58F195388D20070C39A /* CoreGraphics.framework */ = {isa = PBXFileReference; lastKnownFileType = wrapper.framework; name = CoreGraphics.framework; path = System/Library/Frameworks/CoreGraphics.framework; sourceTree = SDKROOT; };
		6003F591195388D20070C39A /* UIKit.framework */ = {isa = PBXFileReference; lastKnownFileType = wrapper.framework; name = UIKit.framework; path = System/Library/Frameworks/UIKit.framework; sourceTree = SDKROOT; };
		6003F595195388D20070C39A /* FPCommentsModule-Info.plist */ = {isa = PBXFileReference; lastKnownFileType = text.plist.xml; path = "FPCommentsModule-Info.plist"; sourceTree = "<group>"; };
		6003F597195388D20070C39A /* en */ = {isa = PBXFileReference; lastKnownFileType = text.plist.strings; name = en; path = en.lproj/InfoPlist.strings; sourceTree = "<group>"; };
		6003F599195388D20070C39A /* main.m */ = {isa = PBXFileReference; lastKnownFileType = sourcecode.c.objc; path = main.m; sourceTree = "<group>"; };
		6003F59B195388D20070C39A /* FPCommentsModule-Prefix.pch */ = {isa = PBXFileReference; lastKnownFileType = sourcecode.c.h; path = "FPCommentsModule-Prefix.pch"; sourceTree = "<group>"; };
		6003F59C195388D20070C39A /* FPAppDelegate.h */ = {isa = PBXFileReference; lastKnownFileType = sourcecode.c.h; path = FPAppDelegate.h; sourceTree = "<group>"; };
		6003F59D195388D20070C39A /* FPAppDelegate.m */ = {isa = PBXFileReference; lastKnownFileType = sourcecode.c.objc; path = FPAppDelegate.m; sourceTree = "<group>"; };
		6003F5A5195388D20070C39A /* FPViewController.h */ = {isa = PBXFileReference; lastKnownFileType = sourcecode.c.h; path = FPViewController.h; sourceTree = "<group>"; };
		6003F5A6195388D20070C39A /* FPViewController.m */ = {isa = PBXFileReference; lastKnownFileType = sourcecode.c.objc; path = FPViewController.m; sourceTree = "<group>"; };
		6003F5A8195388D20070C39A /* Images.xcassets */ = {isa = PBXFileReference; lastKnownFileType = folder.assetcatalog; path = Images.xcassets; sourceTree = "<group>"; };
		6003F5AE195388D20070C39A /* FPCommentsModule_Tests.xctest */ = {isa = PBXFileReference; explicitFileType = wrapper.cfbundle; includeInIndex = 0; path = FPCommentsModule_Tests.xctest; sourceTree = BUILT_PRODUCTS_DIR; };
		6003F5AF195388D20070C39A /* XCTest.framework */ = {isa = PBXFileReference; lastKnownFileType = wrapper.framework; name = XCTest.framework; path = Library/Frameworks/XCTest.framework; sourceTree = DEVELOPER_DIR; };
		6003F5B7195388D20070C39A /* Tests-Info.plist */ = {isa = PBXFileReference; lastKnownFileType = text.plist.xml; path = "Tests-Info.plist"; sourceTree = "<group>"; };
		6003F5B9195388D20070C39A /* en */ = {isa = PBXFileReference; lastKnownFileType = text.plist.strings; name = en; path = en.lproj/InfoPlist.strings; sourceTree = "<group>"; };
		6003F5BB195388D20070C39A /* Tests.m */ = {isa = PBXFileReference; lastKnownFileType = sourcecode.c.objc; path = Tests.m; sourceTree = "<group>"; };
		606FC2411953D9B200FFA9A0 /* Tests-Prefix.pch */ = {isa = PBXFileReference; lastKnownFileType = sourcecode.c.h; path = "Tests-Prefix.pch"; sourceTree = "<group>"; };
		636F128A3BADAB43D43F3797 /* LICENSE */ = {isa = PBXFileReference; includeInIndex = 1; lastKnownFileType = text; name = LICENSE; path = ../LICENSE; sourceTree = "<group>"; };
		71719F9E1E33DC2100824A3D /* Base */ = {isa = PBXFileReference; lastKnownFileType = file.storyboard; name = Base; path = Base.lproj/LaunchScreen.storyboard; sourceTree = "<group>"; };
		7621A4E3A4CD6CFE749311E2 /* Pods-FPCommentsModule_Tests.release.xcconfig */ = {isa = PBXFileReference; includeInIndex = 1; lastKnownFileType = text.xcconfig; name = "Pods-FPCommentsModule_Tests.release.xcconfig"; path = "Target Support Files/Pods-FPCommentsModule_Tests/Pods-FPCommentsModule_Tests.release.xcconfig"; sourceTree = "<group>"; };
		7CF68FC886B10FA1AADD0928 /* README.md */ = {isa = PBXFileReference; includeInIndex = 1; lastKnownFileType = net.daringfireball.markdown; name = README.md; path = ../README.md; sourceTree = "<group>"; };
		873B8AEA1B1F5CCA007FD442 /* Main.storyboard */ = {isa = PBXFileReference; fileEncoding = 4; lastKnownFileType = file.storyboard; name = Main.storyboard; path = Base.lproj/Main.storyboard; sourceTree = "<group>"; };
		D813FD191BCAA7EDE2EDD4DE /* Pods-FPCommentsModule_Tests.debug.xcconfig */ = {isa = PBXFileReference; includeInIndex = 1; lastKnownFileType = text.xcconfig; name = "Pods-FPCommentsModule_Tests.debug.xcconfig"; path = "Target Support Files/Pods-FPCommentsModule_Tests/Pods-FPCommentsModule_Tests.debug.xcconfig"; sourceTree = "<group>"; };
		E951E8DBD960135B0D23F329 /* Pods_FPCommentsModule_Example.framework */ = {isa = PBXFileReference; explicitFileType = wrapper.framework; includeInIndex = 0; path = Pods_FPCommentsModule_Example.framework; sourceTree = BUILT_PRODUCTS_DIR; };
/* End PBXFileReference section */

/* Begin PBXFrameworksBuildPhase section */
		6003F587195388D20070C39A /* Frameworks */ = {
			isa = PBXFrameworksBuildPhase;
			buildActionMask = 2147483647;
			files = (
				6003F590195388D20070C39A /* CoreGraphics.framework in Frameworks */,
				6003F592195388D20070C39A /* UIKit.framework in Frameworks */,
				6003F58E195388D20070C39A /* Foundation.framework in Frameworks */,
				99D387ACC3187B82B1D3F04F /* Pods_FPCommentsModule_Example.framework in Frameworks */,
			);
			runOnlyForDeploymentPostprocessing = 0;
		};
		6003F5AB195388D20070C39A /* Frameworks */ = {
			isa = PBXFrameworksBuildPhase;
			buildActionMask = 2147483647;
			files = (
				6003F5B0195388D20070C39A /* XCTest.framework in Frameworks */,
				6003F5B2195388D20070C39A /* UIKit.framework in Frameworks */,
				6003F5B1195388D20070C39A /* Foundation.framework in Frameworks */,
				5E1303E22CC09F1455E3E818 /* Pods_FPCommentsModule_Tests.framework in Frameworks */,
			);
			runOnlyForDeploymentPostprocessing = 0;
		};
/* End PBXFrameworksBuildPhase section */

/* Begin PBXGroup section */
		0495BE6823C70CC400EECE76 /* NumberItemModel */ = {
			isa = PBXGroup;
			children = (
				0495BE6923C70CDC00EECE76 /* FPNumberItemModel.h */,
				0495BE6A23C70CDC00EECE76 /* FPNumberItemModel.m */,
			);
			name = NumberItemModel;
			sourceTree = "<group>";
		};
		04BBF02723C05CA8001DCAB7 /* Example */ = {
			isa = PBXGroup;
			children = (
				04BBF04223C062E5001DCAB7 /* CommentsLib */,
				04BBF02A23C05CBE001DCAB7 /* SectionController */,
				04BBF02923C05CB6001DCAB7 /* View */,
				04BBF02823C05CB1001DCAB7 /* Model */,
			);
			name = Example;
			sourceTree = "<group>";
		};
		04BBF02823C05CB1001DCAB7 /* Model */ = {
			isa = PBXGroup;
			children = (
				0495BE6823C70CC400EECE76 /* NumberItemModel */,
			);
			name = Model;
			sourceTree = "<group>";
		};
		04BBF02923C05CB6001DCAB7 /* View */ = {
			isa = PBXGroup;
			children = (
				041812CC23C5A4BF00311887 /* FPPreviewMoreCommentsCell.h */,
				041812CD23C5A4BF00311887 /* FPPreviewMoreCommentsCell.m */,
				041812CE23C5A4BF00311887 /* FPPreviewMoreCommentsCell.xib */,
			);
			name = View;
			sourceTree = "<group>";
		};
		04BBF02A23C05CBE001DCAB7 /* SectionController */ = {
			isa = PBXGroup;
			children = (
				04BBF03323C05EDB001DCAB7 /* New Group */,
			);
			name = SectionController;
			sourceTree = "<group>";
		};
		04BBF03323C05EDB001DCAB7 /* New Group */ = {
			isa = PBXGroup;
			children = (
			);
			name = "New Group";
			sourceTree = "<group>";
		};
		04BBF04223C062E5001DCAB7 /* CommentsLib */ = {
			isa = PBXGroup;
			children = (
				04BBF0C223C0639A001DCAB7 /* HPGrowingTextView */,
				04BBF04323C062E5001DCAB7 /* Protocal */,
				04BBF04723C062E5001DCAB7 /* CommonCell */,
				04BBF05D23C062E5001DCAB7 /* VC */,
				04BBF06023C062E5001DCAB7 /* BaseModel */,
				04BBF06323C062E5001DCAB7 /* CommentTextView */,
				04BBF06923C062E5001DCAB7 /* Model */,
				04BBF06E23C062E5001DCAB7 /* View */,
				04BBF08523C062E5001DCAB7 /* SectionController */,
			);
			path = CommentsLib;
			sourceTree = "<group>";
		};
		04BBF04323C062E5001DCAB7 /* Protocal */ = {
			isa = PBXGroup;
			children = (
				04BBF0CE23C06488001DCAB7 /* FPCommentHelper.h */,
				04BBF0CF23C06488001DCAB7 /* FPCommentHelper.m */,
				04BBF04523C062E5001DCAB7 /* FPCommentProtocal.h */,
			);
			path = Protocal;
			sourceTree = "<group>";
		};
		04BBF04723C062E5001DCAB7 /* CommonCell */ = {
			isa = PBXGroup;
			children = (
				04BBF04823C062E5001DCAB7 /* ImageLabelWHCell.xib */,
				04BBF04923C062E5001DCAB7 /* ImageTextCollectionCell.h */,
				04BBF04A23C062E5001DCAB7 /* ImageLabelCollectionCell.m */,
				04BBF04B23C062E5001DCAB7 /* CollectionLabelCell.m */,
				04BBF04C23C062E5001DCAB7 /* ImageLabelWHCell.h */,
				04BBF04D23C062E5001DCAB7 /* CollectionImageCell.m */,
				04BBF04E23C062E5001DCAB7 /* CollectionImageCell.xib */,
				04BBF04F23C062E5001DCAB7 /* CollectionEmptyCell.m */,
				04BBF05023C062E5001DCAB7 /* LeftBtnCollectionCell.h */,
				04BBF05123C062E5001DCAB7 /* ImageLabelCollectionCell.h */,
				04BBF05223C062E5001DCAB7 /* ImageTextCollectionCell.m */,
				04BBF05323C062E5001DCAB7 /* CollectionLabelCell.xib */,
				04BBF05423C062E5001DCAB7 /* LeftBtnCollectionCell.xib */,
				04BBF05523C062E5001DCAB7 /* CollectionEmptyCell.xib */,
				04BBF05623C062E5001DCAB7 /* CollectionLabelCell.h */,
				04BBF05723C062E5001DCAB7 /* ImageTextCollectionCell.xib */,
				04BBF05823C062E5001DCAB7 /* CollectionImageCell.h */,
				04BBF05923C062E5001DCAB7 /* ImageLabelWHCell.m */,
				04BBF05A23C062E5001DCAB7 /* ImageLabelCollectionCell.xib */,
				04BBF05B23C062E5001DCAB7 /* LeftBtnCollectionCell.m */,
				04BBF05C23C062E5001DCAB7 /* CollectionEmptyCell.h */,
			);
			path = CommonCell;
			sourceTree = "<group>";
		};
		04BBF05D23C062E5001DCAB7 /* VC */ = {
			isa = PBXGroup;
			children = (
				04BBF05E23C062E5001DCAB7 /* FPCommentVC.m */,
				04BBF05F23C062E5001DCAB7 /* FPCommentVC.h */,
			);
			path = VC;
			sourceTree = "<group>";
		};
		04BBF06023C062E5001DCAB7 /* BaseModel */ = {
			isa = PBXGroup;
			children = (
				04BBF06123C062E5001DCAB7 /* IGListBaseModel.m */,
				04BBF06223C062E5001DCAB7 /* IGListBaseModel.h */,
			);
			path = BaseModel;
			sourceTree = "<group>";
		};
		04BBF06323C062E5001DCAB7 /* CommentTextView */ = {
			isa = PBXGroup;
			children = (
				04BBF06423C062E5001DCAB7 /* FPCommentAccessoryView.h */,
				04BBF06523C062E5001DCAB7 /* FPCommentToolView.xib */,
				04BBF06623C062E5001DCAB7 /* FPCommentToolView.m */,
				04BBF06723C062E5001DCAB7 /* FPCommentAccessoryView.m */,
				04BBF06823C062E5001DCAB7 /* FPCommentToolView.h */,
			);
			path = CommentTextView;
			sourceTree = "<group>";
		};
		04BBF06923C062E5001DCAB7 /* Model */ = {
			isa = PBXGroup;
			children = (
				04BBF06A23C062E5001DCAB7 /* FPCommentModel.h */,
				04BBF06B23C062E5001DCAB7 /* FPLinkModel.h */,
				04BBF06C23C062E5001DCAB7 /* FPLinkModel.m */,
				04BBF06D23C062E5001DCAB7 /* FPCommentModel.m */,
			);
			path = Model;
			sourceTree = "<group>";
		};
		04BBF06E23C062E5001DCAB7 /* View */ = {
			isa = PBXGroup;
			children = (
				04BBF06F23C062E5001DCAB7 /* FPBottomCommentView.xib */,
				04BBF07023C062E5001DCAB7 /* FPCommentCell.h */,
				04BBF07123C062E5001DCAB7 /* FPCommentUserInfoCell.xib */,
				04BBF07223C062E5001DCAB7 /* FPCommentContentCell.m */,
				04BBF07323C062E5001DCAB7 /* FPBottomCommentView.m */,
				04BBF07423C062E5001DCAB7 /* FPReplyContainerCell.xib */,
				04BBF07523C062E5001DCAB7 /* FPCommentUserInfoCell.h */,
				04BBF07623C062E5001DCAB7 /* FPCommentReplyCell.m */,
				04BBF07723C062E5001DCAB7 /* FPReplyContainerCell.m */,
				04BBF07823C062E5001DCAB7 /* FPCommentCell.m */,
				04BBF07923C062E5001DCAB7 /* FPCommentCell.xib */,
				04BBF07A23C062E5001DCAB7 /* FPCommentContentCell.h */,
				04BBF07B23C062E5001DCAB7 /* FPBottomCommentView.h */,
				04BBF07C23C062E5001DCAB7 /* CommentTableCell */,
				04BBF08023C062E5001DCAB7 /* FPCommentReplyCell.xib */,
				04BBF08123C062E5001DCAB7 /* FPCommentContentCell.xib */,
				04BBF08223C062E5001DCAB7 /* FPReplyContainerCell.h */,
				04BBF08323C062E5001DCAB7 /* FPCommentReplyCell.h */,
				04BBF08423C062E5001DCAB7 /* FPCommentUserInfoCell.m */,
			);
			path = View;
			sourceTree = "<group>";
		};
		04BBF07C23C062E5001DCAB7 /* CommentTableCell */ = {
			isa = PBXGroup;
			children = (
				04BBF0BF23C06307001DCAB7 /* SeparatorView.h */,
				04BBF0C023C06307001DCAB7 /* SeparatorView.m */,
				04BBF07D23C062E5001DCAB7 /* CommentsTableCell.h */,
				04BBF07E23C062E5001DCAB7 /* CommentsTableCell.xib */,
				04BBF07F23C062E5001DCAB7 /* CommentsTableCell.m */,
			);
			path = CommentTableCell;
			sourceTree = "<group>";
		};
		04BBF08523C062E5001DCAB7 /* SectionController */ = {
			isa = PBXGroup;
			children = (
				04BBF08623C062E5001DCAB7 /* FPCommentImgSectionController.m */,
				04BBF08723C062E5001DCAB7 /* FPCommentReplayContainerController.h */,
				04BBF08823C062E5001DCAB7 /* FPCommentReplySectionController.m */,
				04BBF08923C062E5001DCAB7 /* FPCommentUserInfSectionController.h */,
				04BBF08A23C062E5001DCAB7 /* FPCommentContentSectionController.m */,
				04BBF08B23C062E5001DCAB7 /* FPCommentExpandSectionController.h */,
				04BBF08C23C062E5001DCAB7 /* FPCommentSectionController.m */,
				04BBF08D23C062E5001DCAB7 /* FPCommentImgSectionController.h */,
				04BBF08E23C062E5001DCAB7 /* FPCommentReplayContainerController.m */,
				04BBF08F23C062E5001DCAB7 /* FPCommentExpandSectionController.m */,
				04BBF09023C062E5001DCAB7 /* FPCommentContentSectionController.h */,
				04BBF09123C062E5001DCAB7 /* FPCommentUserInfSectionController.m */,
				04BBF09223C062E5001DCAB7 /* FPCommentReplySectionController.h */,
				04BBF09323C062E5001DCAB7 /* FPCommentSectionController.h */,
			);
			path = SectionController;
			sourceTree = "<group>";
		};
		04BBF0C223C0639A001DCAB7 /* HPGrowingTextView */ = {
			isa = PBXGroup;
			children = (
				04BBF0C323C0639A001DCAB7 /* README.md */,
				04BBF0C423C0639A001DCAB7 /* class */,
				04BBF0C923C0639A001DCAB7 /* LICENSE.txt */,
			);
			path = HPGrowingTextView;
			sourceTree = "<group>";
		};
		04BBF0C423C0639A001DCAB7 /* class */ = {
			isa = PBXGroup;
			children = (
				04BBF0C523C0639A001DCAB7 /* HPTextViewInternal.h */,
				04BBF0C623C0639A001DCAB7 /* HPGrowingTextView.m */,
				04BBF0C723C0639A001DCAB7 /* HPTextViewInternal.m */,
				04BBF0C823C0639A001DCAB7 /* HPGrowingTextView.h */,
			);
			path = class;
			sourceTree = "<group>";
		};
		6003F581195388D10070C39A = {
			isa = PBXGroup;
			children = (
				60FF7A9C1954A5C5007DD14C /* Podspec Metadata */,
				6003F593195388D20070C39A /* Example for FPCommentsModule */,
				6003F5B5195388D20070C39A /* Tests */,
				6003F58C195388D20070C39A /* Frameworks */,
				6003F58B195388D20070C39A /* Products */,
				86EDE0B8CA9E4180ED669ADC /* Pods */,
			);
			sourceTree = "<group>";
		};
		6003F58B195388D20070C39A /* Products */ = {
			isa = PBXGroup;
			children = (
				6003F58A195388D20070C39A /* FPCommentsModule_Example.app */,
				6003F5AE195388D20070C39A /* FPCommentsModule_Tests.xctest */,
			);
			name = Products;
			sourceTree = "<group>";
		};
		6003F58C195388D20070C39A /* Frameworks */ = {
			isa = PBXGroup;
			children = (
				6003F58D195388D20070C39A /* Foundation.framework */,
				6003F58F195388D20070C39A /* CoreGraphics.framework */,
				6003F591195388D20070C39A /* UIKit.framework */,
				6003F5AF195388D20070C39A /* XCTest.framework */,
				E951E8DBD960135B0D23F329 /* Pods_FPCommentsModule_Example.framework */,
				025BE8C8A1F16719293710F4 /* Pods_FPCommentsModule_Tests.framework */,
			);
			name = Frameworks;
			sourceTree = "<group>";
		};
		6003F593195388D20070C39A /* Example for FPCommentsModule */ = {
			isa = PBXGroup;
			children = (
				041812CA23C5A17400311887 /* example.mp4 */,
				04BBF02723C05CA8001DCAB7 /* Example */,
				6003F59C195388D20070C39A /* FPAppDelegate.h */,
				6003F59D195388D20070C39A /* FPAppDelegate.m */,
				873B8AEA1B1F5CCA007FD442 /* Main.storyboard */,
				6003F5A5195388D20070C39A /* FPViewController.h */,
				6003F5A6195388D20070C39A /* FPViewController.m */,
				0495BE6323C708D500EECE76 /* FPTestVC.h */,
				0495BE6423C708D500EECE76 /* FPTestVC.m */,
				0495BE6523C708D500EECE76 /* FPTestVC.xib */,
				71719F9D1E33DC2100824A3D /* LaunchScreen.storyboard */,
				6003F5A8195388D20070C39A /* Images.xcassets */,
				6003F594195388D20070C39A /* Supporting Files */,
			);
			name = "Example for FPCommentsModule";
			path = FPCommentsModule;
			sourceTree = "<group>";
		};
		6003F594195388D20070C39A /* Supporting Files */ = {
			isa = PBXGroup;
			children = (
				6003F595195388D20070C39A /* FPCommentsModule-Info.plist */,
				6003F596195388D20070C39A /* InfoPlist.strings */,
				6003F599195388D20070C39A /* main.m */,
				6003F59B195388D20070C39A /* FPCommentsModule-Prefix.pch */,
			);
			name = "Supporting Files";
			sourceTree = "<group>";
		};
		6003F5B5195388D20070C39A /* Tests */ = {
			isa = PBXGroup;
			children = (
				6003F5BB195388D20070C39A /* Tests.m */,
				6003F5B6195388D20070C39A /* Supporting Files */,
			);
			path = Tests;
			sourceTree = "<group>";
		};
		6003F5B6195388D20070C39A /* Supporting Files */ = {
			isa = PBXGroup;
			children = (
				6003F5B7195388D20070C39A /* Tests-Info.plist */,
				6003F5B8195388D20070C39A /* InfoPlist.strings */,
				606FC2411953D9B200FFA9A0 /* Tests-Prefix.pch */,
			);
			name = "Supporting Files";
			sourceTree = "<group>";
		};
		60FF7A9C1954A5C5007DD14C /* Podspec Metadata */ = {
			isa = PBXGroup;
			children = (
				49E8A0E4E275ADBFFCD9056D /* FPCommentsModule.podspec */,
				7CF68FC886B10FA1AADD0928 /* README.md */,
				636F128A3BADAB43D43F3797 /* LICENSE */,
			);
			name = "Podspec Metadata";
			sourceTree = "<group>";
		};
		86EDE0B8CA9E4180ED669ADC /* Pods */ = {
			isa = PBXGroup;
			children = (
				0A785B1AF93FC82DE9D7F6CE /* Pods-FPCommentsModule_Example.debug.xcconfig */,
				2787FEE5C00616CCB645CC74 /* Pods-FPCommentsModule_Example.release.xcconfig */,
				D813FD191BCAA7EDE2EDD4DE /* Pods-FPCommentsModule_Tests.debug.xcconfig */,
				7621A4E3A4CD6CFE749311E2 /* Pods-FPCommentsModule_Tests.release.xcconfig */,
			);
			path = Pods;
			sourceTree = "<group>";
		};
/* End PBXGroup section */

/* Begin PBXNativeTarget section */
		6003F589195388D20070C39A /* FPCommentsModule_Example */ = {
			isa = PBXNativeTarget;
			buildConfigurationList = 6003F5BF195388D20070C39A /* Build configuration list for PBXNativeTarget "FPCommentsModule_Example" */;
			buildPhases = (
				A52DA3FED2BC23ECDA9EB016 /* [CP] Check Pods Manifest.lock */,
				6003F586195388D20070C39A /* Sources */,
				6003F587195388D20070C39A /* Frameworks */,
				6003F588195388D20070C39A /* Resources */,
				E2C5DCCDF66D15914DE8DD54 /* [CP] Embed Pods Frameworks */,
			);
			buildRules = (
			);
			dependencies = (
			);
			name = FPCommentsModule_Example;
			productName = FPCommentsModule;
			productReference = 6003F58A195388D20070C39A /* FPCommentsModule_Example.app */;
			productType = "com.apple.product-type.application";
		};
		6003F5AD195388D20070C39A /* FPCommentsModule_Tests */ = {
			isa = PBXNativeTarget;
			buildConfigurationList = 6003F5C2195388D20070C39A /* Build configuration list for PBXNativeTarget "FPCommentsModule_Tests" */;
			buildPhases = (
				6F426BA3EE2C77845504A38C /* [CP] Check Pods Manifest.lock */,
				6003F5AA195388D20070C39A /* Sources */,
				6003F5AB195388D20070C39A /* Frameworks */,
				6003F5AC195388D20070C39A /* Resources */,
			);
			buildRules = (
			);
			dependencies = (
				6003F5B4195388D20070C39A /* PBXTargetDependency */,
			);
			name = FPCommentsModule_Tests;
			productName = FPCommentsModuleTests;
			productReference = 6003F5AE195388D20070C39A /* FPCommentsModule_Tests.xctest */;
			productType = "com.apple.product-type.bundle.unit-test";
		};
/* End PBXNativeTarget section */

/* Begin PBXProject section */
		6003F582195388D10070C39A /* Project object */ = {
			isa = PBXProject;
			attributes = {
				CLASSPREFIX = FP;
				LastUpgradeCheck = 0720;
				ORGANIZATIONNAME = FPJack;
				TargetAttributes = {
					6003F589195388D20070C39A = {
						DevelopmentTeam = MSL77HGY8X;
					};
					6003F5AD195388D20070C39A = {
						TestTargetID = 6003F589195388D20070C39A;
					};
				};
			};
			buildConfigurationList = 6003F585195388D10070C39A /* Build configuration list for PBXProject "FPCommentsModule" */;
			compatibilityVersion = "Xcode 3.2";
			developmentRegion = English;
			hasScannedForEncodings = 0;
			knownRegions = (
				English,
				en,
				Base,
			);
			mainGroup = 6003F581195388D10070C39A;
			productRefGroup = 6003F58B195388D20070C39A /* Products */;
			projectDirPath = "";
			projectRoot = "";
			targets = (
				6003F589195388D20070C39A /* FPCommentsModule_Example */,
				6003F5AD195388D20070C39A /* FPCommentsModule_Tests */,
			);
		};
/* End PBXProject section */

/* Begin PBXResourcesBuildPhase section */
		6003F588195388D20070C39A /* Resources */ = {
			isa = PBXResourcesBuildPhase;
			buildActionMask = 2147483647;
			files = (
				04BBF0B523C062E5001DCAB7 /* FPCommentReplyCell.xib in Resources */,
				04BBF0AE23C062E5001DCAB7 /* FPReplyContainerCell.xib in Resources */,
				04BBF0CA23C0639A001DCAB7 /* README.md in Resources */,
				04BBF0A523C062E5001DCAB7 /* FPCommentToolView.xib in Resources */,
				873B8AEB1B1F5CCA007FD442 /* Main.storyboard in Resources */,
				04BBF09C23C062E5001DCAB7 /* CollectionLabelCell.xib in Resources */,
				04BBF0CD23C0639A001DCAB7 /* LICENSE.txt in Resources */,
				04BBF09E23C062E5001DCAB7 /* CollectionEmptyCell.xib in Resources */,
				04BBF0AB23C062E5001DCAB7 /* FPCommentUserInfoCell.xib in Resources */,
				04BBF0B623C062E5001DCAB7 /* FPCommentContentCell.xib in Resources */,
				041812D023C5A4BF00311887 /* FPPreviewMoreCommentsCell.xib in Resources */,
				04BBF0B323C062E5001DCAB7 /* CommentsTableCell.xib in Resources */,
				0495BE6723C708D500EECE76 /* FPTestVC.xib in Resources */,
				71719F9F1E33DC2100824A3D /* LaunchScreen.storyboard in Resources */,
				04BBF0A123C062E5001DCAB7 /* ImageLabelCollectionCell.xib in Resources */,
				04BBF09F23C062E5001DCAB7 /* ImageTextCollectionCell.xib in Resources */,
				6003F5A9195388D20070C39A /* Images.xcassets in Resources */,
				04BBF0AA23C062E5001DCAB7 /* FPBottomCommentView.xib in Resources */,
				04BBF0B223C062E5001DCAB7 /* FPCommentCell.xib in Resources */,
				6003F598195388D20070C39A /* InfoPlist.strings in Resources */,
				04BBF09D23C062E5001DCAB7 /* LeftBtnCollectionCell.xib in Resources */,
				04BBF09523C062E5001DCAB7 /* ImageLabelWHCell.xib in Resources */,
				041812CB23C5A17400311887 /* example.mp4 in Resources */,
				04BBF09923C062E5001DCAB7 /* CollectionImageCell.xib in Resources */,
			);
			runOnlyForDeploymentPostprocessing = 0;
		};
		6003F5AC195388D20070C39A /* Resources */ = {
			isa = PBXResourcesBuildPhase;
			buildActionMask = 2147483647;
			files = (
				6003F5BA195388D20070C39A /* InfoPlist.strings in Resources */,
			);
			runOnlyForDeploymentPostprocessing = 0;
		};
/* End PBXResourcesBuildPhase section */

/* Begin PBXShellScriptBuildPhase section */
		6F426BA3EE2C77845504A38C /* [CP] Check Pods Manifest.lock */ = {
			isa = PBXShellScriptBuildPhase;
			buildActionMask = 2147483647;
			files = (
			);
			inputFileListPaths = (
			);
			inputPaths = (
				"${PODS_PODFILE_DIR_PATH}/Podfile.lock",
				"${PODS_ROOT}/Manifest.lock",
			);
			name = "[CP] Check Pods Manifest.lock";
			outputFileListPaths = (
			);
			outputPaths = (
				"$(DERIVED_FILE_DIR)/Pods-FPCommentsModule_Tests-checkManifestLockResult.txt",
			);
			runOnlyForDeploymentPostprocessing = 0;
			shellPath = /bin/sh;
			shellScript = "diff \"${PODS_PODFILE_DIR_PATH}/Podfile.lock\" \"${PODS_ROOT}/Manifest.lock\" > /dev/null\nif [ $? != 0 ] ; then\n    # print error to STDERR\n    echo \"error: The sandbox is not in sync with the Podfile.lock. Run 'pod install' or update your CocoaPods installation.\" >&2\n    exit 1\nfi\n# This output is used by Xcode 'outputs' to avoid re-running this script phase.\necho \"SUCCESS\" > \"${SCRIPT_OUTPUT_FILE_0}\"\n";
			showEnvVarsInLog = 0;
		};
		A52DA3FED2BC23ECDA9EB016 /* [CP] Check Pods Manifest.lock */ = {
			isa = PBXShellScriptBuildPhase;
			buildActionMask = 2147483647;
			files = (
			);
			inputFileListPaths = (
			);
			inputPaths = (
				"${PODS_PODFILE_DIR_PATH}/Podfile.lock",
				"${PODS_ROOT}/Manifest.lock",
			);
			name = "[CP] Check Pods Manifest.lock";
			outputFileListPaths = (
			);
			outputPaths = (
				"$(DERIVED_FILE_DIR)/Pods-FPCommentsModule_Example-checkManifestLockResult.txt",
			);
			runOnlyForDeploymentPostprocessing = 0;
			shellPath = /bin/sh;
			shellScript = "diff \"${PODS_PODFILE_DIR_PATH}/Podfile.lock\" \"${PODS_ROOT}/Manifest.lock\" > /dev/null\nif [ $? != 0 ] ; then\n    # print error to STDERR\n    echo \"error: The sandbox is not in sync with the Podfile.lock. Run 'pod install' or update your CocoaPods installation.\" >&2\n    exit 1\nfi\n# This output is used by Xcode 'outputs' to avoid re-running this script phase.\necho \"SUCCESS\" > \"${SCRIPT_OUTPUT_FILE_0}\"\n";
			showEnvVarsInLog = 0;
		};
		E2C5DCCDF66D15914DE8DD54 /* [CP] Embed Pods Frameworks */ = {
			isa = PBXShellScriptBuildPhase;
			buildActionMask = 2147483647;
			files = (
			);
			inputPaths = (
				"${PODS_ROOT}/Target Support Files/Pods-FPCommentsModule_Example/Pods-FPCommentsModule_Example-frameworks.sh",
				"${BUILT_PRODUCTS_DIR}/FPCommentsModule/FPCommentsModule.framework",
				"${BUILT_PRODUCTS_DIR}/FPImageVideoCell/FPImageVideoCell.framework",
				"${BUILT_PRODUCTS_DIR}/FPRefresh/FPRefresh.framework",
				"${BUILT_PRODUCTS_DIR}/IGListDiffKit/IGListDiffKit.framework",
				"${BUILT_PRODUCTS_DIR}/IGListKit/IGListKit.framework",
				"${BUILT_PRODUCTS_DIR}/MJRefresh/MJRefresh.framework",
				"${BUILT_PRODUCTS_DIR}/Masonry/Masonry.framework",
				"${BUILT_PRODUCTS_DIR}/SDWebImage/SDWebImage.framework",
				"${BUILT_PRODUCTS_DIR}/TTTAttributedLabel/TTTAttributedLabel.framework",
			);
			name = "[CP] Embed Pods Frameworks";
			outputPaths = (
				"${TARGET_BUILD_DIR}/${FRAMEWORKS_FOLDER_PATH}/FPCommentsModule.framework",
				"${TARGET_BUILD_DIR}/${FRAMEWORKS_FOLDER_PATH}/FPImageVideoCell.framework",
				"${TARGET_BUILD_DIR}/${FRAMEWORKS_FOLDER_PATH}/FPRefresh.framework",
				"${TARGET_BUILD_DIR}/${FRAMEWORKS_FOLDER_PATH}/IGListDiffKit.framework",
				"${TARGET_BUILD_DIR}/${FRAMEWORKS_FOLDER_PATH}/IGListKit.framework",
				"${TARGET_BUILD_DIR}/${FRAMEWORKS_FOLDER_PATH}/MJRefresh.framework",
				"${TARGET_BUILD_DIR}/${FRAMEWORKS_FOLDER_PATH}/Masonry.framework",
				"${TARGET_BUILD_DIR}/${FRAMEWORKS_FOLDER_PATH}/SDWebImage.framework",
				"${TARGET_BUILD_DIR}/${FRAMEWORKS_FOLDER_PATH}/TTTAttributedLabel.framework",
			);
			runOnlyForDeploymentPostprocessing = 0;
			shellPath = /bin/sh;
			shellScript = "\"${PODS_ROOT}/Target Support Files/Pods-FPCommentsModule_Example/Pods-FPCommentsModule_Example-frameworks.sh\"\n";
			showEnvVarsInLog = 0;
		};
/* End PBXShellScriptBuildPhase section */

/* Begin PBXSourcesBuildPhase section */
		6003F586195388D20070C39A /* Sources */ = {
			isa = PBXSourcesBuildPhase;
			buildActionMask = 2147483647;
			files = (
				04BBF0A623C062E5001DCAB7 /* FPCommentToolView.m in Sources */,
				04BBF0A823C062E5001DCAB7 /* FPLinkModel.m in Sources */,
				04BBF0A923C062E5001DCAB7 /* FPCommentModel.m in Sources */,
				041812CF23C5A4BF00311887 /* FPPreviewMoreCommentsCell.m in Sources */,
				04BBF0BC23C062E5001DCAB7 /* FPCommentReplayContainerController.m in Sources */,
				04BBF0B123C062E5001DCAB7 /* FPCommentCell.m in Sources */,
				6003F59E195388D20070C39A /* FPAppDelegate.m in Sources */,
				04BBF09A23C062E5001DCAB7 /* CollectionEmptyCell.m in Sources */,
				0495BE6623C708D500EECE76 /* FPTestVC.m in Sources */,
				04BBF0A423C062E5001DCAB7 /* IGListBaseModel.m in Sources */,
				04BBF0A023C062E5001DCAB7 /* ImageLabelWHCell.m in Sources */,
				04BBF0BE23C062E5001DCAB7 /* FPCommentUserInfSectionController.m in Sources */,
				04BBF0AD23C062E5001DCAB7 /* FPBottomCommentView.m in Sources */,
				04BBF0CC23C0639A001DCAB7 /* HPTextViewInternal.m in Sources */,
				04BBF0BA23C062E5001DCAB7 /* FPCommentContentSectionController.m in Sources */,
				04BBF0A323C062E5001DCAB7 /* FPCommentVC.m in Sources */,
				04BBF0AC23C062E5001DCAB7 /* FPCommentContentCell.m in Sources */,
				04BBF0B723C062E5001DCAB7 /* FPCommentUserInfoCell.m in Sources */,
				04BBF0CB23C0639A001DCAB7 /* HPGrowingTextView.m in Sources */,
				04BBF0B423C062E5001DCAB7 /* CommentsTableCell.m in Sources */,
				04BBF0B023C062E5001DCAB7 /* FPReplyContainerCell.m in Sources */,
				6003F5A7195388D20070C39A /* FPViewController.m in Sources */,
				04BBF0D023C06488001DCAB7 /* FPCommentHelper.m in Sources */,
				04BBF0A223C062E5001DCAB7 /* LeftBtnCollectionCell.m in Sources */,
				04BBF09B23C062E5001DCAB7 /* ImageTextCollectionCell.m in Sources */,
				04BBF0AF23C062E5001DCAB7 /* FPCommentReplyCell.m in Sources */,
				04BBF09823C062E5001DCAB7 /* CollectionImageCell.m in Sources */,
				04BBF0B823C062E5001DCAB7 /* FPCommentImgSectionController.m in Sources */,
				04BBF0B923C062E5001DCAB7 /* FPCommentReplySectionController.m in Sources */,
				0495BE6B23C70CDC00EECE76 /* FPNumberItemModel.m in Sources */,
				04BBF0C123C06307001DCAB7 /* SeparatorView.m in Sources */,
				04BBF09723C062E5001DCAB7 /* CollectionLabelCell.m in Sources */,
				04BBF0BB23C062E5001DCAB7 /* FPCommentSectionController.m in Sources */,
				04BBF0BD23C062E5001DCAB7 /* FPCommentExpandSectionController.m in Sources */,
				04BBF0A723C062E5001DCAB7 /* FPCommentAccessoryView.m in Sources */,
				04BBF09623C062E5001DCAB7 /* ImageLabelCollectionCell.m in Sources */,
				6003F59A195388D20070C39A /* main.m in Sources */,
			);
			runOnlyForDeploymentPostprocessing = 0;
		};
		6003F5AA195388D20070C39A /* Sources */ = {
			isa = PBXSourcesBuildPhase;
			buildActionMask = 2147483647;
			files = (
				6003F5BC195388D20070C39A /* Tests.m in Sources */,
			);
			runOnlyForDeploymentPostprocessing = 0;
		};
/* End PBXSourcesBuildPhase section */

/* Begin PBXTargetDependency section */
		6003F5B4195388D20070C39A /* PBXTargetDependency */ = {
			isa = PBXTargetDependency;
			target = 6003F589195388D20070C39A /* FPCommentsModule_Example */;
			targetProxy = 6003F5B3195388D20070C39A /* PBXContainerItemProxy */;
		};
/* End PBXTargetDependency section */

/* Begin PBXVariantGroup section */
		6003F596195388D20070C39A /* InfoPlist.strings */ = {
			isa = PBXVariantGroup;
			children = (
				6003F597195388D20070C39A /* en */,
			);
			name = InfoPlist.strings;
			sourceTree = "<group>";
		};
		6003F5B8195388D20070C39A /* InfoPlist.strings */ = {
			isa = PBXVariantGroup;
			children = (
				6003F5B9195388D20070C39A /* en */,
			);
			name = InfoPlist.strings;
			sourceTree = "<group>";
		};
		71719F9D1E33DC2100824A3D /* LaunchScreen.storyboard */ = {
			isa = PBXVariantGroup;
			children = (
				71719F9E1E33DC2100824A3D /* Base */,
			);
			name = LaunchScreen.storyboard;
			sourceTree = "<group>";
		};
/* End PBXVariantGroup section */

/* Begin XCBuildConfiguration section */
		6003F5BD195388D20070C39A /* Debug */ = {
			isa = XCBuildConfiguration;
			buildSettings = {
				ALWAYS_SEARCH_USER_PATHS = NO;
				CLANG_CXX_LANGUAGE_STANDARD = "gnu++0x";
				CLANG_CXX_LIBRARY = "libc++";
				CLANG_ENABLE_MODULES = YES;
				CLANG_ENABLE_OBJC_ARC = YES;
				CLANG_WARN_BOOL_CONVERSION = YES;
				CLANG_WARN_CONSTANT_CONVERSION = YES;
				CLANG_WARN_DIRECT_OBJC_ISA_USAGE = YES_ERROR;
				CLANG_WARN_EMPTY_BODY = YES;
				CLANG_WARN_ENUM_CONVERSION = YES;
				CLANG_WARN_INT_CONVERSION = YES;
				CLANG_WARN_OBJC_ROOT_CLASS = YES_ERROR;
				CLANG_WARN__DUPLICATE_METHOD_MATCH = YES;
				"CODE_SIGN_IDENTITY[sdk=iphoneos*]" = "iPhone Developer";
				COPY_PHASE_STRIP = NO;
				ENABLE_TESTABILITY = YES;
				GCC_C_LANGUAGE_STANDARD = gnu99;
				GCC_DYNAMIC_NO_PIC = NO;
				GCC_OPTIMIZATION_LEVEL = 0;
				GCC_PREPROCESSOR_DEFINITIONS = (
					"DEBUG=1",
					"$(inherited)",
				);
				GCC_SYMBOLS_PRIVATE_EXTERN = NO;
				GCC_WARN_64_TO_32_BIT_CONVERSION = YES;
				GCC_WARN_ABOUT_RETURN_TYPE = YES_ERROR;
				GCC_WARN_UNDECLARED_SELECTOR = YES;
				GCC_WARN_UNINITIALIZED_AUTOS = YES_AGGRESSIVE;
				GCC_WARN_UNUSED_FUNCTION = YES;
				GCC_WARN_UNUSED_VARIABLE = YES;
				IPHONEOS_DEPLOYMENT_TARGET = 9.3;
				ONLY_ACTIVE_ARCH = YES;
				SDKROOT = iphoneos;
				TARGETED_DEVICE_FAMILY = "1,2";
			};
			name = Debug;
		};
		6003F5BE195388D20070C39A /* Release */ = {
			isa = XCBuildConfiguration;
			buildSettings = {
				ALWAYS_SEARCH_USER_PATHS = NO;
				CLANG_CXX_LANGUAGE_STANDARD = "gnu++0x";
				CLANG_CXX_LIBRARY = "libc++";
				CLANG_ENABLE_MODULES = YES;
				CLANG_ENABLE_OBJC_ARC = YES;
				CLANG_WARN_BOOL_CONVERSION = YES;
				CLANG_WARN_CONSTANT_CONVERSION = YES;
				CLANG_WARN_DIRECT_OBJC_ISA_USAGE = YES_ERROR;
				CLANG_WARN_EMPTY_BODY = YES;
				CLANG_WARN_ENUM_CONVERSION = YES;
				CLANG_WARN_INT_CONVERSION = YES;
				CLANG_WARN_OBJC_ROOT_CLASS = YES_ERROR;
				CLANG_WARN__DUPLICATE_METHOD_MATCH = YES;
				"CODE_SIGN_IDENTITY[sdk=iphoneos*]" = "iPhone Developer";
				COPY_PHASE_STRIP = YES;
				ENABLE_NS_ASSERTIONS = NO;
				GCC_C_LANGUAGE_STANDARD = gnu99;
				GCC_WARN_64_TO_32_BIT_CONVERSION = YES;
				GCC_WARN_ABOUT_RETURN_TYPE = YES_ERROR;
				GCC_WARN_UNDECLARED_SELECTOR = YES;
				GCC_WARN_UNINITIALIZED_AUTOS = YES_AGGRESSIVE;
				GCC_WARN_UNUSED_FUNCTION = YES;
				GCC_WARN_UNUSED_VARIABLE = YES;
				IPHONEOS_DEPLOYMENT_TARGET = 9.3;
				SDKROOT = iphoneos;
				TARGETED_DEVICE_FAMILY = "1,2";
				VALIDATE_PRODUCT = YES;
			};
			name = Release;
		};
		6003F5C0195388D20070C39A /* Debug */ = {
			isa = XCBuildConfiguration;
			baseConfigurationReference = 0A785B1AF93FC82DE9D7F6CE /* Pods-FPCommentsModule_Example.debug.xcconfig */;
			buildSettings = {
				ASSETCATALOG_COMPILER_APPICON_NAME = AppIcon;
				DEVELOPMENT_TEAM = MSL77HGY8X;
				GCC_PRECOMPILE_PREFIX_HEADER = YES;
				GCC_PREFIX_HEADER = "FPCommentsModule/FPCommentsModule-Prefix.pch";
				INFOPLIST_FILE = "FPCommentsModule/FPCommentsModule-Info.plist";
				MODULE_NAME = ExampleApp;
				PRODUCT_BUNDLE_IDENTIFIER = com.zhichongjia.ZhiChongRadar;
				PRODUCT_NAME = "$(TARGET_NAME)";
				SWIFT_VERSION = 4.0;
				WRAPPER_EXTENSION = app;
			};
			name = Debug;
		};
		6003F5C1195388D20070C39A /* Release */ = {
			isa = XCBuildConfiguration;
			baseConfigurationReference = 2787FEE5C00616CCB645CC74 /* Pods-FPCommentsModule_Example.release.xcconfig */;
			buildSettings = {
				ASSETCATALOG_COMPILER_APPICON_NAME = AppIcon;
				DEVELOPMENT_TEAM = MSL77HGY8X;
				GCC_PRECOMPILE_PREFIX_HEADER = YES;
				GCC_PREFIX_HEADER = "FPCommentsModule/FPCommentsModule-Prefix.pch";
				INFOPLIST_FILE = "FPCommentsModule/FPCommentsModule-Info.plist";
				MODULE_NAME = ExampleApp;
				PRODUCT_BUNDLE_IDENTIFIER = com.zhichongjia.ZhiChongRadar;
				PRODUCT_NAME = "$(TARGET_NAME)";
				SWIFT_VERSION = 4.0;
				WRAPPER_EXTENSION = app;
			};
			name = Release;
		};
		6003F5C3195388D20070C39A /* Debug */ = {
			isa = XCBuildConfiguration;
			baseConfigurationReference = D813FD191BCAA7EDE2EDD4DE /* Pods-FPCommentsModule_Tests.debug.xcconfig */;
			buildSettings = {
				BUNDLE_LOADER = "$(TEST_HOST)";
				FRAMEWORK_SEARCH_PATHS = (
					"$(PLATFORM_DIR)/Developer/Library/Frameworks",
					"$(inherited)",
					"$(DEVELOPER_FRAMEWORKS_DIR)",
				);
				GCC_PRECOMPILE_PREFIX_HEADER = YES;
				GCC_PREFIX_HEADER = "Tests/Tests-Prefix.pch";
				GCC_PREPROCESSOR_DEFINITIONS = (
					"DEBUG=1",
					"$(inherited)",
				);
				INFOPLIST_FILE = "Tests/Tests-Info.plist";
				PRODUCT_BUNDLE_IDENTIFIER = "org.cocoapods.demo.${PRODUCT_NAME:rfc1034identifier}";
				PRODUCT_NAME = "$(TARGET_NAME)";
				SWIFT_VERSION = 4.0;
				TEST_HOST = "$(BUILT_PRODUCTS_DIR)/FPCommentsModule_Example.app/FPCommentsModule_Example";
				WRAPPER_EXTENSION = xctest;
			};
			name = Debug;
		};
		6003F5C4195388D20070C39A /* Release */ = {
			isa = XCBuildConfiguration;
			baseConfigurationReference = 7621A4E3A4CD6CFE749311E2 /* Pods-FPCommentsModule_Tests.release.xcconfig */;
			buildSettings = {
				BUNDLE_LOADER = "$(TEST_HOST)";
				FRAMEWORK_SEARCH_PATHS = (
					"$(PLATFORM_DIR)/Developer/Library/Frameworks",
					"$(inherited)",
					"$(DEVELOPER_FRAMEWORKS_DIR)",
				);
				GCC_PRECOMPILE_PREFIX_HEADER = YES;
				GCC_PREFIX_HEADER = "Tests/Tests-Prefix.pch";
				INFOPLIST_FILE = "Tests/Tests-Info.plist";
				PRODUCT_BUNDLE_IDENTIFIER = "org.cocoapods.demo.${PRODUCT_NAME:rfc1034identifier}";
				PRODUCT_NAME = "$(TARGET_NAME)";
				SWIFT_VERSION = 4.0;
				TEST_HOST = "$(BUILT_PRODUCTS_DIR)/FPCommentsModule_Example.app/FPCommentsModule_Example";
				WRAPPER_EXTENSION = xctest;
			};
			name = Release;
		};
/* End XCBuildConfiguration section */

/* Begin XCConfigurationList section */
		6003F585195388D10070C39A /* Build configuration list for PBXProject "FPCommentsModule" */ = {
			isa = XCConfigurationList;
			buildConfigurations = (
				6003F5BD195388D20070C39A /* Debug */,
				6003F5BE195388D20070C39A /* Release */,
			);
			defaultConfigurationIsVisible = 0;
			defaultConfigurationName = Release;
		};
		6003F5BF195388D20070C39A /* Build configuration list for PBXNativeTarget "FPCommentsModule_Example" */ = {
			isa = XCConfigurationList;
			buildConfigurations = (
				6003F5C0195388D20070C39A /* Debug */,
				6003F5C1195388D20070C39A /* Release */,
			);
			defaultConfigurationIsVisible = 0;
			defaultConfigurationName = Release;
		};
		6003F5C2195388D20070C39A /* Build configuration list for PBXNativeTarget "FPCommentsModule_Tests" */ = {
			isa = XCConfigurationList;
			buildConfigurations = (
				6003F5C3195388D20070C39A /* Debug */,
				6003F5C4195388D20070C39A /* Release */,
			);
			defaultConfigurationIsVisible = 0;
			defaultConfigurationName = Release;
		};
/* End XCConfigurationList section */
	};
	rootObject = 6003F582195388D10070C39A /* Project object */;
}
